
Microsoft Visual Studio Solution File, Format Version 12.00
# Visual Studio Version 16
VisualStudioVersion = 16.0.30406.217
MinimumVisualStudioVersion = 10.0.40219.1
Project("{9A19103F-16F7-4668-BE54-9A1E7A4F7556}") = "InternalAPI", "InternalAPI\InternalAPI.csproj", "{164388C8-15B0-4532-AEEE-8FCA52C062AD}"
EndProject
Project("{FAE04EC0-301F-11D3-BF4B-00C04F79EFBC}") = "ThirdPartyAPI", "ThirdPartyAPI\ThirdPartyAPI.csproj", "{B8CAB710-7D8D-464E-AA31-0E22AF7E552C}"
EndProject
Global
	GlobalSection(SolutionConfigurationPlatforms) = preSolution
		Debug|Any CPU = Debug|Any CPU
		Release|Any CPU = Release|Any CPU
	EndGlobalSection
	GlobalSection(ProjectConfigurationPlatforms) = postSolution
		{164388C8-15B0-4532-AEEE-8FCA52C062AD}.Debug|Any CPU.ActiveCfg = Debug|Any CPU
		{164388C8-15B0-4532-AEEE-8FCA52C062AD}.Debug|Any CPU.Build.0 = Debug|Any CPU
		{164388C8-15B0-4532-AEEE-8FCA52C062AD}.Release|Any CPU.ActiveCfg = Release|Any CPU
		{164388C8-15B0-4532-AEEE-8FCA52C062AD}.Release|Any CPU.Build.0 = Release|Any CPU
		{B8CAB710-7D8D-464E-AA31-0E22AF7E552C}.Debug|Any CPU.ActiveCfg = Debug|Any CPU
		{B8CAB710-7D8D-464E-AA31-0E22AF7E552C}.Debug|Any CPU.Build.0 = Debug|Any CPU
		{B8CAB710-7D8D-464E-AA31-0E22AF7E552C}.Release|Any CPU.ActiveCfg = Release|Any CPU
		{B8CAB710-7D8D-464E-AA31-0E22AF7E552C}.Release|Any CPU.Build.0 = Release|Any CPU
	EndGlobalSection
	GlobalSection(SolutionProperties) = preSolution
		HideSolutionNode = FALSE
	EndGlobalSection
	GlobalSection(ExtensibilityGlobals) = postSolution
		SolutionGuid = {188EA246-04AF-46A9-ADDE-B6B3D36E762D}
	EndGlobalSection
EndGlobal
